
Microsoft Visual Studio Solution File, Format Version 12.00
# Visual Studio Version 17
VisualStudioVersion = 17.0.32126.317
MinimumVisualStudioVersion = 10.0.40219.1
Project("{2150E333-8FDC-42A3-9474-1A3956D46DE8}") = "src", "src", "{9EB96C41-0B4C-4F81-A051-B278CA5AAB49}"
EndProject
Project("{2150E333-8FDC-42A3-9474-1A3956D46DE8}") = "API", "API", "{05864F1D-6334-4674-9A5B-3F3452929916}"
EndProject
Project("{2150E333-8FDC-42A3-9474-1A3956D46DE8}") = "Libs", "Libs", "{36971885-8FE9-4B48-8B40-7F6DB264225A}"
EndProject
Project("{9A19103F-16F7-4668-BE54-9A1E7A4F7556}") = "N5.Exam.Infrastructure", "N5.Exam.Infrastructure\N5.Exam.Infrastructure.csproj", "{872291C5-26A8-4E80-926B-C0E6F7A1ACB1}"
EndProject
Project("{9A19103F-16F7-4668-BE54-9A1E7A4F7556}") = "N5.Exam.API", "N5.Exam.API\N5.Exam.API.csproj", "{CCC47FDC-368A-4C11-8F26-AF541383D6B8}"
EndProject
Project("{9A19103F-16F7-4668-BE54-9A1E7A4F7556}") = "N5.Exam.Domain", "N5.Exam.Core\N5.Exam.Domain.csproj", "{8BCD0A22-300E-46A8-91AA-F4A4E9A98179}"
EndProject
Project("{9A19103F-16F7-4668-BE54-9A1E7A4F7556}") = "N5.Exam.Shared", "N5.Exam.Shared\N5.Exam.Shared.csproj", "{0EF0ABE0-89CA-462F-9A0B-24E386009260}"
EndProject
Project("{2150E333-8FDC-42A3-9474-1A3956D46DE8}") = "Solution Items", "Solution Items", "{9C5E5272-1819-4E7B-B25C-6159642855CE}"
EndProject
Project("{E53339B2-1760-4266-BCC7-CA923CBCF16C}") = "docker-compose", "docker-compose.dcproj", "{FEA0C318-FFED-4D39-8781-265718CA43DD}"
EndProject
Project("{2150E333-8FDC-42A3-9474-1A3956D46DE8}") = "Consumers", "Consumers", "{1579F687-FAB2-441B-884A-321A1963C3AD}"
EndProject
Project("{9A19103F-16F7-4668-BE54-9A1E7A4F7556}") = "N5.Exam.Consumer", "N5.Exam.Consumer\N5.Exam.Consumer.csproj", "{E3D5BD12-9390-4FAC-97C2-B7FEDFDAF895}"
EndProject
Project("{2150E333-8FDC-42A3-9474-1A3956D46DE8}") = "Testing", "Testing", "{9C712709-E6F8-4BE5-94BB-FB9E9AFABB52}"
EndProject
Project("{FAE04EC0-301F-11D3-BF4B-00C04F79EFBC}") = "N5.Exam.UnitTests", "N5.Exam.UnitTests\N5.Exam.UnitTests.csproj", "{F66D9C25-15F0-4BE9-972C-BB04BBD3D04F}"
EndProject
Global
	GlobalSection(SolutionConfigurationPlatforms) = preSolution
		Debug|Any CPU = Debug|Any CPU
		Release|Any CPU = Release|Any CPU
	EndGlobalSection
	GlobalSection(ProjectConfigurationPlatforms) = postSolution
		{872291C5-26A8-4E80-926B-C0E6F7A1ACB1}.Debug|Any CPU.ActiveCfg = Debug|Any CPU
		{872291C5-26A8-4E80-926B-C0E6F7A1ACB1}.Debug|Any CPU.Build.0 = Debug|Any CPU
		{872291C5-26A8-4E80-926B-C0E6F7A1ACB1}.Release|Any CPU.ActiveCfg = Release|Any CPU
		{872291C5-26A8-4E80-926B-C0E6F7A1ACB1}.Release|Any CPU.Build.0 = Release|Any CPU
		{CCC47FDC-368A-4C11-8F26-AF541383D6B8}.Debug|Any CPU.ActiveCfg = Debug|Any CPU
		{CCC47FDC-368A-4C11-8F26-AF541383D6B8}.Debug|Any CPU.Build.0 = Debug|Any CPU
		{CCC47FDC-368A-4C11-8F26-AF541383D6B8}.Release|Any CPU.ActiveCfg = Release|Any CPU
		{CCC47FDC-368A-4C11-8F26-AF541383D6B8}.Release|Any CPU.Build.0 = Release|Any CPU
		{8BCD0A22-300E-46A8-91AA-F4A4E9A98179}.Debug|Any CPU.ActiveCfg = Debug|Any CPU
		{8BCD0A22-300E-46A8-91AA-F4A4E9A98179}.Debug|Any CPU.Build.0 = Debug|Any CPU
		{8BCD0A22-300E-46A8-91AA-F4A4E9A98179}.Release|Any CPU.ActiveCfg = Release|Any CPU
		{8BCD0A22-300E-46A8-91AA-F4A4E9A98179}.Release|Any CPU.Build.0 = Release|Any CPU
		{0EF0ABE0-89CA-462F-9A0B-24E386009260}.Debug|Any CPU.ActiveCfg = Debug|Any CPU
		{0EF0ABE0-89CA-462F-9A0B-24E386009260}.Debug|Any CPU.Build.0 = Debug|Any CPU
		{0EF0ABE0-89CA-462F-9A0B-24E386009260}.Release|Any CPU.ActiveCfg = Release|Any CPU
		{0EF0ABE0-89CA-462F-9A0B-24E386009260}.Release|Any CPU.Build.0 = Release|Any CPU
		{FEA0C318-FFED-4D39-8781-265718CA43DD}.Debug|Any CPU.ActiveCfg = Debug|Any CPU
		{FEA0C318-FFED-4D39-8781-265718CA43DD}.Debug|Any CPU.Build.0 = Debug|Any CPU
		{FEA0C318-FFED-4D39-8781-265718CA43DD}.Release|Any CPU.ActiveCfg = Release|Any CPU
		{FEA0C318-FFED-4D39-8781-265718CA43DD}.Release|Any CPU.Build.0 = Release|Any CPU
		{E3D5BD12-9390-4FAC-97C2-B7FEDFDAF895}.Debug|Any CPU.ActiveCfg = Debug|Any CPU
		{E3D5BD12-9390-4FAC-97C2-B7FEDFDAF895}.Debug|Any CPU.Build.0 = Debug|Any CPU
		{E3D5BD12-9390-4FAC-97C2-B7FEDFDAF895}.Release|Any CPU.ActiveCfg = Release|Any CPU
		{E3D5BD12-9390-4FAC-97C2-B7FEDFDAF895}.Release|Any CPU.Build.0 = Release|Any CPU
		{F66D9C25-15F0-4BE9-972C-BB04BBD3D04F}.Debug|Any CPU.ActiveCfg = Debug|Any CPU
		{F66D9C25-15F0-4BE9-972C-BB04BBD3D04F}.Debug|Any CPU.Build.0 = Debug|Any CPU
		{F66D9C25-15F0-4BE9-972C-BB04BBD3D04F}.Release|Any CPU.ActiveCfg = Release|Any CPU
		{F66D9C25-15F0-4BE9-972C-BB04BBD3D04F}.Release|Any CPU.Build.0 = Release|Any CPU
	EndGlobalSection
	GlobalSection(SolutionProperties) = preSolution
		HideSolutionNode = FALSE
	EndGlobalSection
	GlobalSection(NestedProjects) = preSolution
		{05864F1D-6334-4674-9A5B-3F3452929916} = {9EB96C41-0B4C-4F81-A051-B278CA5AAB49}
		{36971885-8FE9-4B48-8B40-7F6DB264225A} = {9EB96C41-0B4C-4F81-A051-B278CA5AAB49}
		{872291C5-26A8-4E80-926B-C0E6F7A1ACB1} = {36971885-8FE9-4B48-8B40-7F6DB264225A}
		{CCC47FDC-368A-4C11-8F26-AF541383D6B8} = {05864F1D-6334-4674-9A5B-3F3452929916}
		{8BCD0A22-300E-46A8-91AA-F4A4E9A98179} = {36971885-8FE9-4B48-8B40-7F6DB264225A}
		{0EF0ABE0-89CA-462F-9A0B-24E386009260} = {36971885-8FE9-4B48-8B40-7F6DB264225A}
		{1579F687-FAB2-441B-884A-321A1963C3AD} = {9EB96C41-0B4C-4F81-A051-B278CA5AAB49}
		{E3D5BD12-9390-4FAC-97C2-B7FEDFDAF895} = {1579F687-FAB2-441B-884A-321A1963C3AD}
		{9C712709-E6F8-4BE5-94BB-FB9E9AFABB52} = {9EB96C41-0B4C-4F81-A051-B278CA5AAB49}
		{F66D9C25-15F0-4BE9-972C-BB04BBD3D04F} = {9C712709-E6F8-4BE5-94BB-FB9E9AFABB52}
	EndGlobalSection
	GlobalSection(ExtensibilityGlobals) = postSolution
		SolutionGuid = {0D0A6ECE-9A5B-4550-AAF1-49CF7F363702}
	EndGlobalSection
EndGlobal
